
Microsoft Visual Studio Solution File, Format Version 12.00
Project("{FAE04EC0-301F-11D3-BF4B-00C04F79EFBC}") = "Megadeth", "Megadeth\Megadeth.csproj", "{B6FCA737-FB61-44F6-AD4F-08CA2630353A}"
EndProject
Global
	GlobalSection(SolutionConfigurationPlatforms) = preSolution
		Debug|Any CPU = Debug|Any CPU
		Release|Any CPU = Release|Any CPU
	EndGlobalSection
	GlobalSection(ProjectConfigurationPlatforms) = postSolution
		{B6FCA737-FB61-44F6-AD4F-08CA2630353A}.Debug|Any CPU.ActiveCfg = Debug|Any CPU
		{B6FCA737-FB61-44F6-AD4F-08CA2630353A}.Debug|Any CPU.Build.0 = Debug|Any CPU
		{B6FCA737-FB61-44F6-AD4F-08CA2630353A}.Release|Any CPU.ActiveCfg = Release|Any CPU
		{B6FCA737-FB61-44F6-AD4F-08CA2630353A}.Release|Any CPU.Build.0 = Release|Any CPU
	EndGlobalSection
EndGlobal
